
Microsoft Visual Studio Solution File, Format Version 12.00
# Visual Studio Version 16
VisualStudioVersion = 16.0.30517.126
MinimumVisualStudioVersion = 10.0.40219.1
Project("{FAE04EC0-301F-11D3-BF4B-00C04F79EFBC}") = "EjemploNetCoreAngular", "EjemploNetCoreAngular.csproj", "{45282E3A-43DE-46DF-8E6D-E67AAAB55647}"
EndProject
Global
	GlobalSection(SolutionConfigurationPlatforms) = preSolution
		Debug|Any CPU = Debug|Any CPU
		Release|Any CPU = Release|Any CPU
	EndGlobalSection
	GlobalSection(ProjectConfigurationPlatforms) = postSolution
		{45282E3A-43DE-46DF-8E6D-E67AAAB55647}.Debug|Any CPU.ActiveCfg = Debug|Any CPU
		{45282E3A-43DE-46DF-8E6D-E67AAAB55647}.Debug|Any CPU.Build.0 = Debug|Any CPU
		{45282E3A-43DE-46DF-8E6D-E67AAAB55647}.Release|Any CPU.ActiveCfg = Release|Any CPU
		{45282E3A-43DE-46DF-8E6D-E67AAAB55647}.Release|Any CPU.Build.0 = Release|Any CPU
	EndGlobalSection
	GlobalSection(SolutionProperties) = preSolution
		HideSolutionNode = FALSE
	EndGlobalSection
	GlobalSection(ExtensibilityGlobals) = postSolution
		SolutionGuid = {49C5136A-B075-4D13-8FAC-75253FE0E81E}
	EndGlobalSection
EndGlobal
